
Microsoft Visual Studio Solution File, Format Version 12.00
# Visual Studio Version 17
VisualStudioVersion = 17.6.33829.357
MinimumVisualStudioVersion = 10.0.40219.1
Project("{FAE04EC0-301F-11D3-BF4B-00C04F79EFBC}") = "Presentation.Layer - Bank Api", "Presentation.Layer - Bank Api\Presentation.Layer - Bank Api.csproj", "{9C5AE5A5-CA34-4CD3-BA40-D0C301773C32}"
EndProject
Project("{FAE04EC0-301F-11D3-BF4B-00C04F79EFBC}") = "AplicationDomain.Layer - Bank Api", "AplicationDomain.Layer - Bank Api\AplicationDomain.Layer - Bank Api.csproj", "{9397AD13-A114-4D3A-8CEF-926B478C00E3}"
EndProject
Project("{FAE04EC0-301F-11D3-BF4B-00C04F79EFBC}") = "Infraestructure.Layer - Bank Api", "Infraestructure.Layer - Bank Api\Infraestructure.Layer - Bank Api.csproj", "{AC03DB7D-11A4-4406-BDC5-F879451370CD}"
EndProject
Global
	GlobalSection(SolutionConfigurationPlatforms) = preSolution
		Debug|Any CPU = Debug|Any CPU
		Release|Any CPU = Release|Any CPU
	EndGlobalSection
	GlobalSection(ProjectConfigurationPlatforms) = postSolution
		{9C5AE5A5-CA34-4CD3-BA40-D0C301773C32}.Debug|Any CPU.ActiveCfg = Debug|Any CPU
		{9C5AE5A5-CA34-4CD3-BA40-D0C301773C32}.Debug|Any CPU.Build.0 = Debug|Any CPU
		{9C5AE5A5-CA34-4CD3-BA40-D0C301773C32}.Release|Any CPU.ActiveCfg = Release|Any CPU
		{9C5AE5A5-CA34-4CD3-BA40-D0C301773C32}.Release|Any CPU.Build.0 = Release|Any CPU
		{9397AD13-A114-4D3A-8CEF-926B478C00E3}.Debug|Any CPU.ActiveCfg = Debug|Any CPU
		{9397AD13-A114-4D3A-8CEF-926B478C00E3}.Debug|Any CPU.Build.0 = Debug|Any CPU
		{9397AD13-A114-4D3A-8CEF-926B478C00E3}.Release|Any CPU.ActiveCfg = Release|Any CPU
		{9397AD13-A114-4D3A-8CEF-926B478C00E3}.Release|Any CPU.Build.0 = Release|Any CPU
		{AC03DB7D-11A4-4406-BDC5-F879451370CD}.Debug|Any CPU.ActiveCfg = Debug|Any CPU
		{AC03DB7D-11A4-4406-BDC5-F879451370CD}.Debug|Any CPU.Build.0 = Debug|Any CPU
		{AC03DB7D-11A4-4406-BDC5-F879451370CD}.Release|Any CPU.ActiveCfg = Release|Any CPU
		{AC03DB7D-11A4-4406-BDC5-F879451370CD}.Release|Any CPU.Build.0 = Release|Any CPU
	EndGlobalSection
	GlobalSection(SolutionProperties) = preSolution
		HideSolutionNode = FALSE
	EndGlobalSection
	GlobalSection(ExtensibilityGlobals) = postSolution
		SolutionGuid = {9A755509-C500-435C-95BD-CEC4719145E5}
	EndGlobalSection
EndGlobal
